// !$*UTF8*$!
{
	archiveVersion = 1;
	classes = {
	};
	objectVersion = 50;
	objects = {

/* Begin PBXBuildFile section */
		AC18BBFE20D3477F00714CED /* MobileNet.mlmodel in Sources */ = {isa = PBXBuildFile; fileRef = AC18BBFD20D3477E00714CED /* MobileNet.mlmodel */; };
		ACC3FEA120D1F1360034AF4F /* ImageCell.swift in Sources */ = {isa = PBXBuildFile; fileRef = ACC3FEA020D1F1360034AF4F /* ImageCell.swift */; };
		ACC3FEA320D1F2DE0034AF4F /* FoodItems.swift in Sources */ = {isa = PBXBuildFile; fileRef = ACC3FEA220D1F2DE0034AF4F /* FoodItems.swift */; };
		ACC3FEA520D1F4DF0034AF4F /* GridFlowLayout.swift in Sources */ = {isa = PBXBuildFile; fileRef = ACC3FEA420D1F4DF0034AF4F /* GridFlowLayout.swift */; };
		ACF94F5020D0AB44000D8BC3 /* AppDelegate.swift in Sources */ = {isa = PBXBuildFile; fileRef = ACF94F4F20D0AB44000D8BC3 /* AppDelegate.swift */; };
		ACF94F5220D0AB44000D8BC3 /* ImageVC.swift in Sources */ = {isa = PBXBuildFile; fileRef = ACF94F5120D0AB44000D8BC3 /* ImageVC.swift */; };
		ACF94F5520D0AB44000D8BC3 /* Main.storyboard in Resources */ = {isa = PBXBuildFile; fileRef = ACF94F5320D0AB44000D8BC3 /* Main.storyboard */; };
		ACF94F5720D0AB46000D8BC3 /* Assets.xcassets in Resources */ = {isa = PBXBuildFile; fileRef = ACF94F5620D0AB46000D8BC3 /* Assets.xcassets */; };
		ACF94F5A20D0AB46000D8BC3 /* LaunchScreen.storyboard in Resources */ = {isa = PBXBuildFile; fileRef = ACF94F5820D0AB46000D8BC3 /* LaunchScreen.storyboard */; };
/* End PBXBuildFile section */

/* Begin PBXFileReference section */
		AC18BBFD20D3477E00714CED /* MobileNet.mlmodel */ = {isa = PBXFileReference; lastKnownFileType = file.mlmodel; path = MobileNet.mlmodel; sourceTree = "<group>"; };
		ACC3FEA020D1F1360034AF4F /* ImageCell.swift */ = {isa = PBXFileReference; lastKnownFileType = sourcecode.swift; path = ImageCell.swift; sourceTree = "<group>"; };
		ACC3FEA220D1F2DE0034AF4F /* FoodItems.swift */ = {isa = PBXFileReference; lastKnownFileType = sourcecode.swift; path = FoodItems.swift; sourceTree = "<group>"; };
		ACC3FEA420D1F4DF0034AF4F /* GridFlowLayout.swift */ = {isa = PBXFileReference; lastKnownFileType = sourcecode.swift; path = GridFlowLayout.swift; sourceTree = "<group>"; };
		ACF94F4C20D0AB44000D8BC3 /* ml-predict-image.app */ = {isa = PBXFileReference; explicitFileType = wrapper.application; includeInIndex = 0; path = "ml-predict-image.app"; sourceTree = BUILT_PRODUCTS_DIR; };
		ACF94F4F20D0AB44000D8BC3 /* AppDelegate.swift */ = {isa = PBXFileReference; lastKnownFileType = sourcecode.swift; path = AppDelegate.swift; sourceTree = "<group>"; };
		ACF94F5120D0AB44000D8BC3 /* ImageVC.swift */ = {isa = PBXFileReference; lastKnownFileType = sourcecode.swift; path = ImageVC.swift; sourceTree = "<group>"; };
		ACF94F5420D0AB44000D8BC3 /* Base */ = {isa = PBXFileReference; lastKnownFileType = file.storyboard; name = Base; path = Base.lproj/Main.storyboard; sourceTree = "<group>"; };
		ACF94F5620D0AB46000D8BC3 /* Assets.xcassets */ = {isa = PBXFileReference; lastKnownFileType = folder.assetcatalog; path = Assets.xcassets; sourceTree = "<group>"; };
		ACF94F5920D0AB46000D8BC3 /* Base */ = {isa = PBXFileReference; lastKnownFileType = file.storyboard; name = Base; path = Base.lproj/LaunchScreen.storyboard; sourceTree = "<group>"; };
		ACF94F5B20D0AB46000D8BC3 /* Info.plist */ = {isa = PBXFileReference; lastKnownFileType = text.plist.xml; path = Info.plist; sourceTree = "<group>"; };
/* End PBXFileReference section */

/* Begin PBXFrameworksBuildPhase section */
		ACF94F4920D0AB44000D8BC3 /* Frameworks */ = {
			isa = PBXFrameworksBuildPhase;
			buildActionMask = 2147483647;
			files = (
			);
			runOnlyForDeploymentPostprocessing = 0;
		};
/* End PBXFrameworksBuildPhase section */

/* Begin PBXGroup section */
		ACF94F4320D0AB44000D8BC3 = {
			isa = PBXGroup;
			children = (
				ACF94F4E20D0AB44000D8BC3 /* ml-predict-image */,
				ACF94F4D20D0AB44000D8BC3 /* Products */,
			);
			sourceTree = "<group>";
		};
		ACF94F4D20D0AB44000D8BC3 /* Products */ = {
			isa = PBXGroup;
			children = (
				ACF94F4C20D0AB44000D8BC3 /* ml-predict-image.app */,
			);
			name = Products;
			sourceTree = "<group>";
		};
		ACF94F4E20D0AB44000D8BC3 /* ml-predict-image */ = {
			isa = PBXGroup;
			children = (
				ACF94F6320D0AB73000D8BC3 /* Resources */,
				ACF94F6220D0AB60000D8BC3 /* View */,
				ACF94F6120D0AB57000D8BC3 /* Controller */,
				ACF94F4F20D0AB44000D8BC3 /* AppDelegate.swift */,
				ACF94F5320D0AB44000D8BC3 /* Main.storyboard */,
				ACF94F5620D0AB46000D8BC3 /* Assets.xcassets */,
				ACF94F5820D0AB46000D8BC3 /* LaunchScreen.storyboard */,
				ACF94F5B20D0AB46000D8BC3 /* Info.plist */,
			);
			path = "ml-predict-image";
			sourceTree = "<group>";
		};
		ACF94F6120D0AB57000D8BC3 /* Controller */ = {
			isa = PBXGroup;
			children = (
				ACF94F5120D0AB44000D8BC3 /* ImageVC.swift */,
			);
			path = Controller;
			sourceTree = "<group>";
		};
		ACF94F6220D0AB60000D8BC3 /* View */ = {
			isa = PBXGroup;
			children = (
				ACC3FEA020D1F1360034AF4F /* ImageCell.swift */,
				ACC3FEA420D1F4DF0034AF4F /* GridFlowLayout.swift */,
			);
			path = View;
			sourceTree = "<group>";
		};
		ACF94F6320D0AB73000D8BC3 /* Resources */ = {
			isa = PBXGroup;
			children = (
				AC18BBFD20D3477E00714CED /* MobileNet.mlmodel */,
				ACC3FEA220D1F2DE0034AF4F /* FoodItems.swift */,
			);
			path = Resources;
			sourceTree = "<group>";
		};
/* End PBXGroup section */

/* Begin PBXNativeTarget section */
		ACF94F4B20D0AB44000D8BC3 /* ml-predict-image */ = {
			isa = PBXNativeTarget;
			buildConfigurationList = ACF94F5E20D0AB46000D8BC3 /* Build configuration list for PBXNativeTarget "ml-predict-image" */;
			buildPhases = (
				ACF94F4820D0AB44000D8BC3 /* Sources */,
				ACF94F4920D0AB44000D8BC3 /* Frameworks */,
				ACF94F4A20D0AB44000D8BC3 /* Resources */,
			);
			buildRules = (
			);
			dependencies = (
			);
			name = "ml-predict-image";
			productName = "ml-predict-image";
			productReference = ACF94F4C20D0AB44000D8BC3 /* ml-predict-image.app */;
			productType = "com.apple.product-type.application";
		};
/* End PBXNativeTarget section */

/* Begin PBXProject section */
		ACF94F4420D0AB44000D8BC3 /* Project object */ = {
			isa = PBXProject;
			attributes = {
				LastSwiftUpdateCheck = 0940;
				LastUpgradeCheck = 0940;
				ORGANIZATIONNAME = "Viktor Yamchinov";
				TargetAttributes = {
					ACF94F4B20D0AB44000D8BC3 = {
						CreatedOnToolsVersion = 9.4;
					};
				};
			};
			buildConfigurationList = ACF94F4720D0AB44000D8BC3 /* Build configuration list for PBXProject "ml-predict-image" */;
			compatibilityVersion = "Xcode 9.3";
			developmentRegion = en;
			hasScannedForEncodings = 0;
			knownRegions = (
				en,
				Base,
			);
			mainGroup = ACF94F4320D0AB44000D8BC3;
			productRefGroup = ACF94F4D20D0AB44000D8BC3 /* Products */;
			projectDirPath = "";
			projectRoot = "";
			targets = (
				ACF94F4B20D0AB44000D8BC3 /* ml-predict-image */,
			);
		};
/* End PBXProject section */

/* Begin PBXResourcesBuildPhase section */
		ACF94F4A20D0AB44000D8BC3 /* Resources */ = {
			isa = PBXResourcesBuildPhase;
			buildActionMask = 2147483647;
			files = (
				ACF94F5A20D0AB46000D8BC3 /* LaunchScreen.storyboard in Resources */,
				ACF94F5720D0AB46000D8BC3 /* Assets.xcassets in Resources */,
				ACF94F5520D0AB44000D8BC3 /* Main.storyboard in Resources */,
			);
			runOnlyForDeploymentPostprocessing = 0;
		};
/* End PBXResourcesBuildPhase section */

/* Begin PBXSourcesBuildPhase section */
		ACF94F4820D0AB44000D8BC3 /* Sources */ = {
			isa = PBXSourcesBuildPhase;
			buildActionMask = 2147483647;
			files = (
				ACC3FEA320D1F2DE0034AF4F /* FoodItems.swift in Sources */,
				ACF94F5220D0AB44000D8BC3 /* ImageVC.swift in Sources */,
				AC18BBFE20D3477F00714CED /* MobileNet.mlmodel in Sources */,
				ACC3FEA520D1F4DF0034AF4F /* GridFlowLayout.swift in Sources */,
				ACF94F5020D0AB44000D8BC3 /* AppDelegate.swift in Sources */,
				ACC3FEA120D1F1360034AF4F /* ImageCell.swift in Sources */,
			);
			runOnlyForDeploymentPostprocessing = 0;
		};
/* End PBXSourcesBuildPhase section */

/* Begin PBXVariantGroup section */
		ACF94F5320D0AB44000D8BC3 /* Main.storyboard */ = {
			isa = PBXVariantGroup;
			children = (
				ACF94F5420D0AB44000D8BC3 /* Base */,
			);
			name = Main.storyboard;
			sourceTree = "<group>";
		};
		ACF94F5820D0AB46000D8BC3 /* LaunchScreen.storyboard */ = {
			isa = PBXVariantGroup;
			children = (
				ACF94F5920D0AB46000D8BC3 /* Base */,
			);
			name = LaunchScreen.storyboard;
			sourceTree = "<group>";
		};
/* End PBXVariantGroup section */

/* Begin XCBuildConfiguration section */
		ACF94F5C20D0AB46000D8BC3 /* Debug */ = {
			isa = XCBuildConfiguration;
			buildSettings = {
				ALWAYS_SEARCH_USER_PATHS = NO;
				CLANG_ANALYZER_NONNULL = YES;
				CLANG_ANALYZER_NUMBER_OBJECT_CONVERSION = YES_AGGRESSIVE;
				CLANG_CXX_LANGUAGE_STANDARD = "gnu++14";
				CLANG_CXX_LIBRARY = "libc++";
				CLANG_ENABLE_MODULES = YES;
				CLANG_ENABLE_OBJC_ARC = YES;
				CLANG_ENABLE_OBJC_WEAK = YES;
				CLANG_WARN_BLOCK_CAPTURE_AUTORELEASING = YES;
				CLANG_WARN_BOOL_CONVERSION = YES;
				CLANG_WARN_COMMA = YES;
				CLANG_WARN_CONSTANT_CONVERSION = YES;
				CLANG_WARN_DEPRECATED_OBJC_IMPLEMENTATIONS = YES;
				CLANG_WARN_DIRECT_OBJC_ISA_USAGE = YES_ERROR;
				CLANG_WARN_DOCUMENTATION_COMMENTS = YES;
				CLANG_WARN_EMPTY_BODY = YES;
				CLANG_WARN_ENUM_CONVERSION = YES;
				CLANG_WARN_INFINITE_RECURSION = YES;
				CLANG_WARN_INT_CONVERSION = YES;
				CLANG_WARN_NON_LITERAL_NULL_CONVERSION = YES;
				CLANG_WARN_OBJC_IMPLICIT_RETAIN_SELF = YES;
				CLANG_WARN_OBJC_LITERAL_CONVERSION = YES;
				CLANG_WARN_OBJC_ROOT_CLASS = YES_ERROR;
				CLANG_WARN_RANGE_LOOP_ANALYSIS = YES;
				CLANG_WARN_STRICT_PROTOTYPES = YES;
				CLANG_WARN_SUSPICIOUS_MOVE = YES;
				CLANG_WARN_UNGUARDED_AVAILABILITY = YES_AGGRESSIVE;
				CLANG_WARN_UNREACHABLE_CODE = YES;
				CLANG_WARN__DUPLICATE_METHOD_MATCH = YES;
				CODE_SIGN_IDENTITY = "iPhone Developer";
				COPY_PHASE_STRIP = NO;
				DEBUG_INFORMATION_FORMAT = dwarf;
				ENABLE_STRICT_OBJC_MSGSEND = YES;
				ENABLE_TESTABILITY = YES;
				GCC_C_LANGUAGE_STANDARD = gnu11;
				GCC_DYNAMIC_NO_PIC = NO;
				GCC_NO_COMMON_BLOCKS = YES;
				GCC_OPTIMIZATION_LEVEL = 0;
				GCC_PREPROCESSOR_DEFINITIONS = (
					"DEBUG=1",
					"$(inherited)",
				);
				GCC_WARN_64_TO_32_BIT_CONVERSION = YES;
				GCC_WARN_ABOUT_RETURN_TYPE = YES_ERROR;
				GCC_WARN_UNDECLARED_SELECTOR = YES;
				GCC_WARN_UNINITIALIZED_AUTOS = YES_AGGRESSIVE;
				GCC_WARN_UNUSED_FUNCTION = YES;
				GCC_WARN_UNUSED_VARIABLE = YES;
				IPHONEOS_DEPLOYMENT_TARGET = 11.4;
				MTL_ENABLE_DEBUG_INFO = YES;
				ONLY_ACTIVE_ARCH = YES;
				SDKROOT = iphoneos;
				SWIFT_ACTIVE_COMPILATION_CONDITIONS = DEBUG;
				SWIFT_OPTIMIZATION_LEVEL = "-Onone";
			};
			name = Debug;
		};
		ACF94F5D20D0AB46000D8BC3 /* Release */ = {
			isa = XCBuildConfiguration;
			buildSettings = {
				ALWAYS_SEARCH_USER_PATHS = NO;
				CLANG_ANALYZER_NONNULL = YES;
				CLANG_ANALYZER_NUMBER_OBJECT_CONVERSION = YES_AGGRESSIVE;
				CLANG_CXX_LANGUAGE_STANDARD = "gnu++14";
				CLANG_CXX_LIBRARY = "libc++";
				CLANG_ENABLE_MODULES = YES;
				CLANG_ENABLE_OBJC_ARC = YES;
				CLANG_ENABLE_OBJC_WEAK = YES;
				CLANG_WARN_BLOCK_CAPTURE_AUTORELEASING = YES;
				CLANG_WARN_BOOL_CONVERSION = YES;
				CLANG_WARN_COMMA = YES;
				CLANG_WARN_CONSTANT_CONVERSION = YES;
				CLANG_WARN_DEPRECATED_OBJC_IMPLEMENTATIONS = YES;
				CLANG_WARN_DIRECT_OBJC_ISA_USAGE = YES_ERROR;
				CLANG_WARN_DOCUMENTATION_COMMENTS = YES;
				CLANG_WARN_EMPTY_BODY = YES;
				CLANG_WARN_ENUM_CONVERSION = YES;
				CLANG_WARN_INFINITE_RECURSION = YES;
				CLANG_WARN_INT_CONVERSION = YES;
				CLANG_WARN_NON_LITERAL_NULL_CONVERSION = YES;
				CLANG_WARN_OBJC_IMPLICIT_RETAIN_SELF = YES;
				CLANG_WARN_OBJC_LITERAL_CONVERSION = YES;
				CLANG_WARN_OBJC_ROOT_CLASS = YES_ERROR;
				CLANG_WARN_RANGE_LOOP_ANALYSIS = YES;
				CLANG_WARN_STRICT_PROTOTYPES = YES;
				CLANG_WARN_SUSPICIOUS_MOVE = YES;
				CLANG_WARN_UNGUARDED_AVAILABILITY = YES_AGGRESSIVE;
				CLANG_WARN_UNREACHABLE_CODE = YES;
				CLANG_WARN__DUPLICATE_METHOD_MATCH = YES;
				CODE_SIGN_IDENTITY = "iPhone Developer";
				COPY_PHASE_STRIP = NO;
				DEBUG_INFORMATION_FORMAT = "dwarf-with-dsym";
				ENABLE_NS_ASSERTIONS = NO;
				ENABLE_STRICT_OBJC_MSGSEND = YES;
				GCC_C_LANGUAGE_STANDARD = gnu11;
				GCC_NO_COMMON_BLOCKS = YES;
				GCC_WARN_64_TO_32_BIT_CONVERSION = YES;
				GCC_WARN_ABOUT_RETURN_TYPE = YES_ERROR;
				GCC_WARN_UNDECLARED_SELECTOR = YES;
				GCC_WARN_UNINITIALIZED_AUTOS = YES_AGGRESSIVE;
				GCC_WARN_UNUSED_FUNCTION = YES;
				GCC_WARN_UNUSED_VARIABLE = YES;
				IPHONEOS_DEPLOYMENT_TARGET = 11.4;
				MTL_ENABLE_DEBUG_INFO = NO;
				SDKROOT = iphoneos;
				SWIFT_COMPILATION_MODE = wholemodule;
				SWIFT_OPTIMIZATION_LEVEL = "-O";
				VALIDATE_PRODUCT = YES;
			};
			name = Release;
		};
		ACF94F5F20D0AB46000D8BC3 /* Debug */ = {
			isa = XCBuildConfiguration;
			buildSettings = {
				ASSETCATALOG_COMPILER_APPICON_NAME = AppIcon;
				CODE_SIGN_STYLE = Automatic;
				DEVELOPMENT_TEAM = 493PFTF9Q4;
				INFOPLIST_FILE = "ml-predict-image/Info.plist";
				LD_RUNPATH_SEARCH_PATHS = (
					"$(inherited)",
					"@executable_path/Frameworks",
				);
				PRODUCT_BUNDLE_IDENTIFIER = "com.techforline.ml-predict-image";
				PRODUCT_NAME = "$(TARGET_NAME)";
				SWIFT_VERSION = 4.0;
				TARGETED_DEVICE_FAMILY = "1,2";
			};
			name = Debug;
		};
		ACF94F6020D0AB46000D8BC3 /* Release */ = {
			isa = XCBuildConfiguration;
			buildSettings = {
				ASSETCATALOG_COMPILER_APPICON_NAME = AppIcon;
				CODE_SIGN_STYLE = Automatic;
				DEVELOPMENT_TEAM = 493PFTF9Q4;
				INFOPLIST_FILE = "ml-predict-image/Info.plist";
				LD_RUNPATH_SEARCH_PATHS = (
					"$(inherited)",
					"@executable_path/Frameworks",
				);
				PRODUCT_BUNDLE_IDENTIFIER = "com.techforline.ml-predict-image";
				PRODUCT_NAME = "$(TARGET_NAME)";
				SWIFT_VERSION = 4.0;
				TARGETED_DEVICE_FAMILY = "1,2";
			};
			name = Release;
		};
/* End XCBuildConfiguration section */

/* Begin XCConfigurationList section */
		ACF94F4720D0AB44000D8BC3 /* Build configuration list for PBXProject "ml-predict-image" */ = {
			isa = XCConfigurationList;
			buildConfigurations = (
				ACF94F5C20D0AB46000D8BC3 /* Debug */,
				ACF94F5D20D0AB46000D8BC3 /* Release */,
			);
			defaultConfigurationIsVisible = 0;
			defaultConfigurationName = Release;
		};
		ACF94F5E20D0AB46000D8BC3 /* Build configuration list for PBXNativeTarget "ml-predict-image" */ = {
			isa = XCConfigurationList;
			buildConfigurations = (
				ACF94F5F20D0AB46000D8BC3 /* Debug */,
				ACF94F6020D0AB46000D8BC3 /* Release */,
			);
			defaultConfigurationIsVisible = 0;
			defaultConfigurationName = Release;
		};
/* End XCConfigurationList section */
	};
	rootObject = ACF94F4420D0AB44000D8BC3 /* Project object */;
}
